
Microsoft Visual Studio Solution File, Format Version 12.00
# Visual Studio Version 16
VisualStudioVersion = 16.0.28803.202
MinimumVisualStudioVersion = 10.0.40219.1
Project("{FAE04EC0-301F-11D3-BF4B-00C04F79EFBC}") = "Gab2019", "Gab2019\Gab2019.csproj", "{0158FFE2-C6BC-455F-BCF0-D53815543276}"
EndProject
Global
	GlobalSection(SolutionConfigurationPlatforms) = preSolution
		Debug|Any CPU = Debug|Any CPU
		Release|Any CPU = Release|Any CPU
	EndGlobalSection
	GlobalSection(ProjectConfigurationPlatforms) = postSolution
		{0158FFE2-C6BC-455F-BCF0-D53815543276}.Debug|Any CPU.ActiveCfg = Debug|Any CPU
		{0158FFE2-C6BC-455F-BCF0-D53815543276}.Debug|Any CPU.Build.0 = Debug|Any CPU
		{0158FFE2-C6BC-455F-BCF0-D53815543276}.Release|Any CPU.ActiveCfg = Release|Any CPU
		{0158FFE2-C6BC-455F-BCF0-D53815543276}.Release|Any CPU.Build.0 = Release|Any CPU
	EndGlobalSection
	GlobalSection(SolutionProperties) = preSolution
		HideSolutionNode = FALSE
	EndGlobalSection
	GlobalSection(ExtensibilityGlobals) = postSolution
		SolutionGuid = {20438945-E0E5-4497-8778-DFC5C9E0CAD3}
	EndGlobalSection
EndGlobal
